
Microsoft Visual Studio Solution File, Format Version 12.00
# Visual Studio Version 16
VisualStudioVersion = 16.0.31129.286
MinimumVisualStudioVersion = 10.0.40219.1
Project("{FAE04EC0-301F-11D3-BF4B-00C04F79EFBC}") = "PastelColorPicker", "PastelColorPicker\PastelColorPicker.csproj", "{CC394948-266C-4801-9A06-7E66538EBD6E}"
EndProject
Global
	GlobalSection(SolutionConfigurationPlatforms) = preSolution
		Debug|Any CPU = Debug|Any CPU
		Release|Any CPU = Release|Any CPU
	EndGlobalSection
	GlobalSection(ProjectConfigurationPlatforms) = postSolution
		{CC394948-266C-4801-9A06-7E66538EBD6E}.Debug|Any CPU.ActiveCfg = Debug|Any CPU
		{CC394948-266C-4801-9A06-7E66538EBD6E}.Debug|Any CPU.Build.0 = Debug|Any CPU
		{CC394948-266C-4801-9A06-7E66538EBD6E}.Release|Any CPU.ActiveCfg = Release|Any CPU
		{CC394948-266C-4801-9A06-7E66538EBD6E}.Release|Any CPU.Build.0 = Release|Any CPU
	EndGlobalSection
	GlobalSection(SolutionProperties) = preSolution
		HideSolutionNode = FALSE
	EndGlobalSection
	GlobalSection(ExtensibilityGlobals) = postSolution
		SolutionGuid = {EEAAFDFC-3FA2-4970-9ED0-AB7A35FD8F2A}
	EndGlobalSection
EndGlobal
